
Microsoft Visual Studio Solution File, Format Version 12.00
# Visual Studio Version 17
VisualStudioVersion = 17.9.34714.143
MinimumVisualStudioVersion = 10.0.40219.1
Project("{FAE04EC0-301F-11D3-BF4B-00C04F79EFBC}") = "TomAndJerry", "src\TomAndJerry.csproj", "{376498F9-43F9-492F-B91B-737F1DF66F61}"
EndProject
Project("{FAE04EC0-301F-11D3-BF4B-00C04F79EFBC}") = "TomAndJerry.Tests", "Tests\TomAndJerry.Tests.csproj", "{9B8A38D8-965F-4F59-AF34-9C1956521040}"
EndProject
Global
	GlobalSection(SolutionConfigurationPlatforms) = preSolution
		Debug|Any CPU = Debug|Any CPU
		Release|Any CPU = Release|Any CPU
	EndGlobalSection
	GlobalSection(ProjectConfigurationPlatforms) = postSolution
		{376498F9-43F9-492F-B91B-737F1DF66F61}.Debug|Any CPU.ActiveCfg = Debug|Any CPU
		{376498F9-43F9-492F-B91B-737F1DF66F61}.Debug|Any CPU.Build.0 = Debug|Any CPU
		{376498F9-43F9-492F-B91B-737F1DF66F61}.Release|Any CPU.ActiveCfg = Release|Any CPU
		{376498F9-43F9-492F-B91B-737F1DF66F61}.Release|Any CPU.Build.0 = Release|Any CPU
		{9B8A38D8-965F-4F59-AF34-9C1956521040}.Debug|Any CPU.ActiveCfg = Debug|Any CPU
		{9B8A38D8-965F-4F59-AF34-9C1956521040}.Debug|Any CPU.Build.0 = Debug|Any CPU
		{9B8A38D8-965F-4F59-AF34-9C1956521040}.Release|Any CPU.ActiveCfg = Release|Any CPU
		{9B8A38D8-965F-4F59-AF34-9C1956521040}.Release|Any CPU.Build.0 = Release|Any CPU
	EndGlobalSection
	GlobalSection(SolutionProperties) = preSolution
		HideSolutionNode = FALSE
	EndGlobalSection
	GlobalSection(ExtensibilityGlobals) = postSolution
		SolutionGuid = {B52C52E2-289E-4407-8711-924D87856D57}
	EndGlobalSection
EndGlobal
